
Microsoft Visual Studio Solution File, Format Version 12.00
# Visual Studio 2012
Project("{FAE04EC0-301F-11D3-BF4B-00C04F79EFBC}") = "SampleWebApp", "SampleWebApp\SampleWebApp.csproj", "{D53439F0-783A-424D-A9B8-A552FA9CA9FF}"
EndProject
Global
	GlobalSection(SolutionConfigurationPlatforms) = preSolution
		Debug|Any CPU = Debug|Any CPU
		Release|Any CPU = Release|Any CPU
	EndGlobalSection
	GlobalSection(ProjectConfigurationPlatforms) = postSolution
		{D53439F0-783A-424D-A9B8-A552FA9CA9FF}.Debug|Any CPU.ActiveCfg = Debug|Any CPU
		{D53439F0-783A-424D-A9B8-A552FA9CA9FF}.Debug|Any CPU.Build.0 = Debug|Any CPU
		{D53439F0-783A-424D-A9B8-A552FA9CA9FF}.Release|Any CPU.ActiveCfg = Release|Any CPU
		{D53439F0-783A-424D-A9B8-A552FA9CA9FF}.Release|Any CPU.Build.0 = Release|Any CPU
	EndGlobalSection
	GlobalSection(SolutionProperties) = preSolution
		HideSolutionNode = FALSE
	EndGlobalSection
EndGlobal
